PODS:
  - FlutterMacOS (1.0.0)
  - jxl_coder (0.1.0):
    - FlutterMacOS
    - JxlCoder
  - JxlCoder (1.8.0)

DEPENDENCIES:
  - FlutterMacOS (from `Flutter/ephemeral`)
  - jxl_coder (from `Flutter/ephemeral/.symlinks/plugins/jxl_coder/macos`)

SPEC REPOS:
  trunk:
    - JxlCoder

EXTERNAL SOURCES:
  FlutterMacOS:
    :path: Flutter/ephemeral
  jxl_coder:
    :path: Flutter/ephemeral/.symlinks/plugins/jxl_coder/macos

SPEC CHECKSUMS:
  FlutterMacOS: d0db08ddef1a9af05a5ec4b724367152bb0500b1
  jxl_coder: bd97c7bb65f5c035a4937c993c21883d15786a3a
  JxlCoder: 731db80510618672905ce46a25cb6aa219c74d0f

PODFILE CHECKSUM: 982a7de56b89457f4ec87ae4947dc1c2ea58f9eb

COCOAPODS: 1.16.2
